
Microsoft Visual Studio Solution File, Format Version 12.00
# Visual Studio Version 17
VisualStudioVersion = 17.4.33122.133
MinimumVisualStudioVersion = 10.0.40219.1
Project("{FAE04EC0-301F-11D3-BF4B-00C04F79EFBC}") = "WebApplication1", "WebApplication1.csproj", "{260EAD7D-DEA4-4679-812B-1046D18F353A}"
EndProject
Global
	GlobalSection(SolutionConfigurationPlatforms) = preSolution
		Debug|Any CPU = Debug|Any CPU
		Release|Any CPU = Release|Any CPU
	EndGlobalSection
	GlobalSection(ProjectConfigurationPlatforms) = postSolution
		{260EAD7D-DEA4-4679-812B-1046D18F353A}.Debug|Any CPU.ActiveCfg = Debug|Any CPU
		{260EAD7D-DEA4-4679-812B-1046D18F353A}.Debug|Any CPU.Build.0 = Debug|Any CPU
		{260EAD7D-DEA4-4679-812B-1046D18F353A}.Release|Any CPU.ActiveCfg = Release|Any CPU
		{260EAD7D-DEA4-4679-812B-1046D18F353A}.Release|Any CPU.Build.0 = Release|Any CPU
	EndGlobalSection
	GlobalSection(SolutionProperties) = preSolution
		HideSolutionNode = FALSE
	EndGlobalSection
	GlobalSection(ExtensibilityGlobals) = postSolution
		SolutionGuid = {30B19090-1809-4DAD-A89E-6EB82BA1316F}
	EndGlobalSection
EndGlobal
